// !$*UTF8*$!
{
	archiveVersion = 1;
	classes = {
	};
	objectVersion = 46;
	objects = {

/* Begin PBXBuildFile section */
		2219B9A41A6410DF00978CDF /* touch.mp3 in Resources */ = {isa = PBXBuildFile; fileRef = 2219B9A31A6410DF00978CDF /* touch.mp3 */; };
		2227474A1A5FFFA20071E99C /* StatsViewController.m in Sources */ = {isa = PBXBuildFile; fileRef = 222747491A5FFFA20071E99C /* StatsViewController.m */; };
		22490BEC1A45C21900D02D8A /* MainViewController.m in Sources */ = {isa = PBXBuildFile; fileRef = 22490BEB1A45C21900D02D8A /* MainViewController.m */; };
		22490BF21A45F07500D02D8A /* Settings.bundle in Resources */ = {isa = PBXBuildFile; fileRef = 22490BF11A45F07500D02D8A /* Settings.bundle */; };
		22490BF51A46061D00D02D8A /* Main.storyboard in Resources */ = {isa = PBXBuildFile; fileRef = 22490BF31A46061D00D02D8A /* Main.storyboard */; };
		22779EDA1A617BB7001D9E66 /* app_background.png in Resources */ = {isa = PBXBuildFile; fileRef = 22779ED91A617BB7001D9E66 /* app_background.png */; };
		22779EE41A617DA8001D9E66 /* button.png in Resources */ = {isa = PBXBuildFile; fileRef = 22779EDB1A617DA8001D9E66 /* button.png */; };
		22779EFF1A619A92001D9E66 /* beans_0.png in Resources */ = {isa = PBXBuildFile; fileRef = 22779EEE1A619A92001D9E66 /* beans_0.png */; };
		22779F001A619A92001D9E66 /* beans_1.png in Resources */ = {isa = PBXBuildFile; fileRef = 22779EEF1A619A92001D9E66 /* beans_1.png */; };
		22779F011A619A92001D9E66 /* beans_2.png in Resources */ = {isa = PBXBuildFile; fileRef = 22779EF01A619A92001D9E66 /* beans_2.png */; };
		22779F021A619A92001D9E66 /* beans_3.png in Resources */ = {isa = PBXBuildFile; fileRef = 22779EF11A619A92001D9E66 /* beans_3.png */; };
		22779F031A619A92001D9E66 /* beans_4.png in Resources */ = {isa = PBXBuildFile; fileRef = 22779EF21A619A92001D9E66 /* beans_4.png */; };
		22779F041A619A92001D9E66 /* beans_5.png in Resources */ = {isa = PBXBuildFile; fileRef = 22779EF31A619A92001D9E66 /* beans_5.png */; };
		22779F051A619A92001D9E66 /* beans_6.png in Resources */ = {isa = PBXBuildFile; fileRef = 22779EF41A619A92001D9E66 /* beans_6.png */; };
		22779F061A619A92001D9E66 /* beans_background.png in Resources */ = {isa = PBXBuildFile; fileRef = 22779EF51A619A92001D9E66 /* beans_background.png */; };
		22779F071A619A92001D9E66 /* worms_0.png in Resources */ = {isa = PBXBuildFile; fileRef = 22779EF71A619A92001D9E66 /* worms_0.png */; };
		22779F081A619A92001D9E66 /* worms_1.png in Resources */ = {isa = PBXBuildFile; fileRef = 22779EF81A619A92001D9E66 /* worms_1.png */; };
		22779F091A619A92001D9E66 /* worms_2.png in Resources */ = {isa = PBXBuildFile; fileRef = 22779EF91A619A92001D9E66 /* worms_2.png */; };
		22779F0A1A619A92001D9E66 /* worms_3.png in Resources */ = {isa = PBXBuildFile; fileRef = 22779EFA1A619A92001D9E66 /* worms_3.png */; };
		22779F0B1A619A92001D9E66 /* worms_4.png in Resources */ = {isa = PBXBuildFile; fileRef = 22779EFB1A619A92001D9E66 /* worms_4.png */; };
		22779F0C1A619A92001D9E66 /* worms_5.png in Resources */ = {isa = PBXBuildFile; fileRef = 22779EFC1A619A92001D9E66 /* worms_5.png */; };
		22779F0D1A619A92001D9E66 /* worms_6.png in Resources */ = {isa = PBXBuildFile; fileRef = 22779EFD1A619A92001D9E66 /* worms_6.png */; };
		22779F0E1A619A92001D9E66 /* worms_background.png in Resources */ = {isa = PBXBuildFile; fileRef = 22779EFE1A619A92001D9E66 /* worms_background.png */; };
		22779F181A61A144001D9E66 /* piranha_0.png in Resources */ = {isa = PBXBuildFile; fileRef = 22779F101A61A144001D9E66 /* piranha_0.png */; };
		22779F191A61A144001D9E66 /* piranha_1.png in Resources */ = {isa = PBXBuildFile; fileRef = 22779F111A61A144001D9E66 /* piranha_1.png */; };
		22779F1A1A61A144001D9E66 /* piranha_2.png in Resources */ = {isa = PBXBuildFile; fileRef = 22779F121A61A144001D9E66 /* piranha_2.png */; };
		22779F1B1A61A144001D9E66 /* piranha_3.png in Resources */ = {isa = PBXBuildFile; fileRef = 22779F131A61A144001D9E66 /* piranha_3.png */; };
		22779F1C1A61A144001D9E66 /* piranha_4.png in Resources */ = {isa = PBXBuildFile; fileRef = 22779F141A61A144001D9E66 /* piranha_4.png */; };
		22779F1D1A61A144001D9E66 /* piranha_5.png in Resources */ = {isa = PBXBuildFile; fileRef = 22779F151A61A144001D9E66 /* piranha_5.png */; };
		22779F1E1A61A144001D9E66 /* piranha_6.png in Resources */ = {isa = PBXBuildFile; fileRef = 22779F161A61A144001D9E66 /* piranha_6.png */; };
		22779F1F1A61A144001D9E66 /* piranha_background.png in Resources */ = {isa = PBXBuildFile; fileRef = 22779F171A61A144001D9E66 /* piranha_background.png */; };
		227E6E211A6574A8000BFC91 /* hand_open.png in Resources */ = {isa = PBXBuildFile; fileRef = 227E6E201A6574A8000BFC91 /* hand_open.png */; };
		22821E011A5DB93D0068FF06 /* OptionsViewController.m in Sources */ = {isa = PBXBuildFile; fileRef = 22821E001A5DB93D0068FF06 /* OptionsViewController.m */; };
		22C171CD1A643EF400C6EE7D /* settings.png in Resources */ = {isa = PBXBuildFile; fileRef = 22C171CB1A643EF400C6EE7D /* settings.png */; };
		22C171CE1A643EF400C6EE7D /* home.png in Resources */ = {isa = PBXBuildFile; fileRef = 22C171CC1A643EF400C6EE7D /* home.png */; };
		22C171D11A6447AF00C6EE7D /* ChildSettingsViewController.m in Sources */ = {isa = PBXBuildFile; fileRef = 22C171D01A6447AF00C6EE7D /* ChildSettingsViewController.m */; };
		22E600991A63E729008CA89A /* beans_background.mp3 in Resources */ = {isa = PBXBuildFile; fileRef = 22E600911A63E729008CA89A /* beans_background.mp3 */; };
		22E6009A1A63E729008CA89A /* button.mp3 in Resources */ = {isa = PBXBuildFile; fileRef = 22E600921A63E729008CA89A /* button.mp3 */; };
		22E6009B1A63E729008CA89A /* menu.mp3 in Resources */ = {isa = PBXBuildFile; fileRef = 22E600931A63E729008CA89A /* menu.mp3 */; };
		22E6009C1A63E729008CA89A /* pause.mp3 in Resources */ = {isa = PBXBuildFile; fileRef = 22E600941A63E729008CA89A /* pause.mp3 */; };
		22E6009D1A63E729008CA89A /* piranha_background.mp3 in Resources */ = {isa = PBXBuildFile; fileRef = 22E600961A63E729008CA89A /* piranha_background.mp3 */; };
		22E6009E1A63E729008CA89A /* worms_background.mp3 in Resources */ = {isa = PBXBuildFile; fileRef = 22E600981A63E729008CA89A /* worms_background.mp3 */; };
		22E600A01A63E9E4008CA89A /* AVFoundation.framework in Frameworks */ = {isa = PBXBuildFile; fileRef = 22E6009F1A63E9E4008CA89A /* AVFoundation.framework */; };
		B948D6FE1A22A993002EB9D5 /* main.m in Sources */ = {isa = PBXBuildFile; fileRef = B948D6FD1A22A993002EB9D5 /* main.m */; };
		B948D7011A22A993002EB9D5 /* AppDelegate.m in Sources */ = {isa = PBXBuildFile; fileRef = B948D7001A22A993002EB9D5 /* AppDelegate.m */; };
		B948D7041A22A993002EB9D5 /* GameViewController.m in Sources */ = {isa = PBXBuildFile; fileRef = B948D7031A22A993002EB9D5 /* GameViewController.m */; };
		B948D7091A22A993002EB9D5 /* Images.xcassets in Resources */ = {isa = PBXBuildFile; fileRef = B948D7081A22A993002EB9D5 /* Images.xcassets */; };
		B948D70C1A22A993002EB9D5 /* LaunchScreen.xib in Resources */ = {isa = PBXBuildFile; fileRef = B948D70A1A22A993002EB9D5 /* LaunchScreen.xib */; };
		B948D7181A22A993002EB9D5 /* iBeansTests.m in Sources */ = {isa = PBXBuildFile; fileRef = B948D7171A22A993002EB9D5 /* iBeansTests.m */; };
		B948D72B1A22AC87002EB9D5 /* Player.m in Sources */ = {isa = PBXBuildFile; fileRef = B948D72A1A22AC87002EB9D5 /* Player.m */; };
		B948D72F1A22AD4B002EB9D5 /* Container.m in Sources */ = {isa = PBXBuildFile; fileRef = B948D72E1A22AD4B002EB9D5 /* Container.m */; };
		B99F41041A23F35B009F25AE /* Game.m in Sources */ = {isa = PBXBuildFile; fileRef = B99F41031A23F35B009F25AE /* Game.m */; };
/* End PBXBuildFile section */

/* Begin PBXContainerItemProxy section */
		B948D7121A22A993002EB9D5 /* PBXContainerItemProxy */ = {
			isa = PBXContainerItemProxy;
			containerPortal = B948D6F01A22A993002EB9D5 /* Project object */;
			proxyType = 1;
			remoteGlobalIDString = B948D6F71A22A993002EB9D5;
			remoteInfo = iBeans;
		};
/* End PBXContainerItemProxy section */

/* Begin PBXFileReference section */
		2219B9A31A6410DF00978CDF /* touch.mp3 */ = {isa = PBXFileReference; lastKnownFileType = audio.mp3; path = touch.mp3; sourceTree = "<group>"; };
		222747481A5FFFA20071E99C /* StatsViewController.h */ = {isa = PBXFileReference; fileEncoding = 4; lastKnownFileType = sourcecode.c.h; path = StatsViewController.h; sourceTree = "<group>"; };
		222747491A5FFFA20071E99C /* StatsViewController.m */ = {isa = PBXFileReference; fileEncoding = 4; lastKnownFileType = sourcecode.c.objc; path = StatsViewController.m; sourceTree = "<group>"; };
		22490BEA1A45C21900D02D8A /* MainViewController.h */ = {isa = PBXFileReference; fileEncoding = 4; lastKnownFileType = sourcecode.c.h; path = MainViewController.h; sourceTree = "<group>"; };
		22490BEB1A45C21900D02D8A /* MainViewController.m */ = {isa = PBXFileReference; fileEncoding = 4; lastKnownFileType = sourcecode.c.objc; path = MainViewController.m; sourceTree = "<group>"; };
		22490BF11A45F07500D02D8A /* Settings.bundle */ = {isa = PBXFileReference; lastKnownFileType = "wrapper.plug-in"; path = Settings.bundle; sourceTree = "<group>"; };
		22490BF41A46061D00D02D8A /* Base */ = {isa = PBXFileReference; lastKnownFileType = file.storyboard; name = Base; path = Base.lproj/Main.storyboard; sourceTree = "<group>"; };
		22779ED91A617BB7001D9E66 /* app_background.png */ = {isa = PBXFileReference; lastKnownFileType = image.png; path = app_background.png; sourceTree = "<group>"; };
		22779EDB1A617DA8001D9E66 /* button.png */ = {isa = PBXFileReference; lastKnownFileType = image.png; path = button.png; sourceTree = "<group>"; };
		22779EEE1A619A92001D9E66 /* beans_0.png */ = {isa = PBXFileReference; lastKnownFileType = image.png; path = beans_0.png; sourceTree = "<group>"; };
		22779EEF1A619A92001D9E66 /* beans_1.png */ = {isa = PBXFileReference; lastKnownFileType = image.png; path = beans_1.png; sourceTree = "<group>"; };
		22779EF01A619A92001D9E66 /* beans_2.png */ = {isa = PBXFileReference; lastKnownFileType = image.png; path = beans_2.png; sourceTree = "<group>"; };
		22779EF11A619A92001D9E66 /* beans_3.png */ = {isa = PBXFileReference; lastKnownFileType = image.png; path = beans_3.png; sourceTree = "<group>"; };
		22779EF21A619A92001D9E66 /* beans_4.png */ = {isa = PBXFileReference; lastKnownFileType = image.png; path = beans_4.png; sourceTree = "<group>"; };
		22779EF31A619A92001D9E66 /* beans_5.png */ = {isa = PBXFileReference; lastKnownFileType = image.png; path = beans_5.png; sourceTree = "<group>"; };
		22779EF41A619A92001D9E66 /* beans_6.png */ = {isa = PBXFileReference; lastKnownFileType = image.png; path = beans_6.png; sourceTree = "<group>"; };
		22779EF51A619A92001D9E66 /* beans_background.png */ = {isa = PBXFileReference; lastKnownFileType = image.png; path = beans_background.png; sourceTree = "<group>"; };
		22779EF71A619A92001D9E66 /* worms_0.png */ = {isa = PBXFileReference; lastKnownFileType = image.png; path = worms_0.png; sourceTree = "<group>"; };
		22779EF81A619A92001D9E66 /* worms_1.png */ = {isa = PBXFileReference; lastKnownFileType = image.png; path = worms_1.png; sourceTree = "<group>"; };
		22779EF91A619A92001D9E66 /* worms_2.png */ = {isa = PBXFileReference; lastKnownFileType = image.png; path = worms_2.png; sourceTree = "<group>"; };
		22779EFA1A619A92001D9E66 /* worms_3.png */ = {isa = PBXFileReference; lastKnownFileType = image.png; path = worms_3.png; sourceTree = "<group>"; };
		22779EFB1A619A92001D9E66 /* worms_4.png */ = {isa = PBXFileReference; lastKnownFileType = image.png; path = worms_4.png; sourceTree = "<group>"; };
		22779EFC1A619A92001D9E66 /* worms_5.png */ = {isa = PBXFileReference; lastKnownFileType = image.png; path = worms_5.png; sourceTree = "<group>"; };
		22779EFD1A619A92001D9E66 /* worms_6.png */ = {isa = PBXFileReference; lastKnownFileType = image.png; path = worms_6.png; sourceTree = "<group>"; };
		22779EFE1A619A92001D9E66 /* worms_background.png */ = {isa = PBXFileReference; lastKnownFileType = image.png; path = worms_background.png; sourceTree = "<group>"; };
		22779F101A61A144001D9E66 /* piranha_0.png */ = {isa = PBXFileReference; lastKnownFileType = image.png; path = piranha_0.png; sourceTree = "<group>"; };
		22779F111A61A144001D9E66 /* piranha_1.png */ = {isa = PBXFileReference; lastKnownFileType = image.png; path = piranha_1.png; sourceTree = "<group>"; };
		22779F121A61A144001D9E66 /* piranha_2.png */ = {isa = PBXFileReference; lastKnownFileType = image.png; path = piranha_2.png; sourceTree = "<group>"; };
		22779F131A61A144001D9E66 /* piranha_3.png */ = {isa = PBXFileReference; lastKnownFileType = image.png; path = piranha_3.png; sourceTree = "<group>"; };
		22779F141A61A144001D9E66 /* piranha_4.png */ = {isa = PBXFileReference; lastKnownFileType = image.png; path = piranha_4.png; sourceTree = "<group>"; };
		22779F151A61A144001D9E66 /* piranha_5.png */ = {isa = PBXFileReference; lastKnownFileType = image.png; path = piranha_5.png; sourceTree = "<group>"; };
		22779F161A61A144001D9E66 /* piranha_6.png */ = {isa = PBXFileReference; lastKnownFileType = image.png; path = piranha_6.png; sourceTree = "<group>"; };
		22779F171A61A144001D9E66 /* piranha_background.png */ = {isa = PBXFileReference; lastKnownFileType = image.png; path = piranha_background.png; sourceTree = "<group>"; };
		227E6E201A6574A8000BFC91 /* hand_open.png */ = {isa = PBXFileReference; lastKnownFileType = image.png; path = hand_open.png; sourceTree = "<group>"; };
		22821DFF1A5DB93D0068FF06 /* OptionsViewController.h */ = {isa = PBXFileReference; fileEncoding = 4; lastKnownFileType = sourcecode.c.h; path = OptionsViewController.h; sourceTree = "<group>"; };
		22821E001A5DB93D0068FF06 /* OptionsViewController.m */ = {isa = PBXFileReference; fileEncoding = 4; lastKnownFileType = sourcecode.c.objc; path = OptionsViewController.m; sourceTree = "<group>"; };
		22C171CB1A643EF400C6EE7D /* settings.png */ = {isa = PBXFileReference; lastKnownFileType = image.png; path = settings.png; sourceTree = "<group>"; };
		22C171CC1A643EF400C6EE7D /* home.png */ = {isa = PBXFileReference; lastKnownFileType = image.png; path = home.png; sourceTree = "<group>"; };
		22C171CF1A6447AF00C6EE7D /* ChildSettingsViewController.h */ = {isa = PBXFileReference; fileEncoding = 4; lastKnownFileType = sourcecode.c.h; path = ChildSettingsViewController.h; sourceTree = "<group>"; };
		22C171D01A6447AF00C6EE7D /* ChildSettingsViewController.m */ = {isa = PBXFileReference; fileEncoding = 4; lastKnownFileType = sourcecode.c.objc; path = ChildSettingsViewController.m; sourceTree = "<group>"; };
		22E600911A63E729008CA89A /* beans_background.mp3 */ = {isa = PBXFileReference; lastKnownFileType = audio.mp3; path = beans_background.mp3; sourceTree = "<group>"; };
		22E600921A63E729008CA89A /* button.mp3 */ = {isa = PBXFileReference; lastKnownFileType = audio.mp3; path = button.mp3; sourceTree = "<group>"; };
		22E600931A63E729008CA89A /* menu.mp3 */ = {isa = PBXFileReference; lastKnownFileType = audio.mp3; path = menu.mp3; sourceTree = "<group>"; };
		22E600941A63E729008CA89A /* pause.mp3 */ = {isa = PBXFileReference; lastKnownFileType = audio.mp3; path = pause.mp3; sourceTree = "<group>"; };
		22E600961A63E729008CA89A /* piranha_background.mp3 */ = {isa = PBXFileReference; lastKnownFileType = audio.mp3; path = piranha_background.mp3; sourceTree = "<group>"; };
		22E600981A63E729008CA89A /* worms_background.mp3 */ = {isa = PBXFileReference; lastKnownFileType = audio.mp3; path = worms_background.mp3; sourceTree = "<group>"; };
		22E6009F1A63E9E4008CA89A /* AVFoundation.framework */ = {isa = PBXFileReference; lastKnownFileType = wrapper.framework; name = AVFoundation.framework; path = System/Library/Frameworks/AVFoundation.framework; sourceTree = SDKROOT; };
		B948D6F81A22A993002EB9D5 /* iBeans.app */ = {isa = PBXFileReference; explicitFileType = wrapper.application; includeInIndex = 0; path = iBeans.app; sourceTree = BUILT_PRODUCTS_DIR; };
		B948D6FC1A22A993002EB9D5 /* Info.plist */ = {isa = PBXFileReference; lastKnownFileType = text.plist.xml; path = Info.plist; sourceTree = "<group>"; };
		B948D6FD1A22A993002EB9D5 /* main.m */ = {isa = PBXFileReference; lastKnownFileType = sourcecode.c.objc; path = main.m; sourceTree = "<group>"; };
		B948D6FF1A22A993002EB9D5 /* AppDelegate.h */ = {isa = PBXFileReference; lastKnownFileType = sourcecode.c.h; path = AppDelegate.h; sourceTree = "<group>"; };
		B948D7001A22A993002EB9D5 /* AppDelegate.m */ = {isa = PBXFileReference; lastKnownFileType = sourcecode.c.objc; path = AppDelegate.m; sourceTree = "<group>"; };
		B948D7021A22A993002EB9D5 /* GameViewController.h */ = {isa = PBXFileReference; lastKnownFileType = sourcecode.c.h; path = GameViewController.h; sourceTree = "<group>"; };
		B948D7031A22A993002EB9D5 /* GameViewController.m */ = {isa = PBXFileReference; lastKnownFileType = sourcecode.c.objc; path = GameViewController.m; sourceTree = "<group>"; };
		B948D7081A22A993002EB9D5 /* Images.xcassets */ = {isa = PBXFileReference; lastKnownFileType = folder.assetcatalog; path = Images.xcassets; sourceTree = "<group>"; };
		B948D70B1A22A993002EB9D5 /* Base */ = {isa = PBXFileReference; lastKnownFileType = file.xib; name = Base; path = Base.lproj/LaunchScreen.xib; sourceTree = "<group>"; };
		B948D7111A22A993002EB9D5 /* iBeansTests.xctest */ = {isa = PBXFileReference; explicitFileType = wrapper.cfbundle; includeInIndex = 0; path = iBeansTests.xctest; sourceTree = BUILT_PRODUCTS_DIR; };
		B948D7161A22A993002EB9D5 /* Info.plist */ = {isa = PBXFileReference; lastKnownFileType = text.plist.xml; path = Info.plist; sourceTree = "<group>"; };
		B948D7171A22A993002EB9D5 /* iBeansTests.m */ = {isa = PBXFileReference; lastKnownFileType = sourcecode.c.objc; path = iBeansTests.m; sourceTree = "<group>"; };
		B948D7291A22AC87002EB9D5 /* Player.h */ = {isa = PBXFileReference; fileEncoding = 4; lastKnownFileType = sourcecode.c.h; path = Player.h; sourceTree = "<group>"; };
		B948D72A1A22AC87002EB9D5 /* Player.m */ = {isa = PBXFileReference; fileEncoding = 4; lastKnownFileType = sourcecode.c.objc; path = Player.m; sourceTree = "<group>"; };
		B948D72D1A22AD4B002EB9D5 /* Container.h */ = {isa = PBXFileReference; fileEncoding = 4; lastKnownFileType = sourcecode.c.h; path = Container.h; sourceTree = "<group>"; };
		B948D72E1A22AD4B002EB9D5 /* Container.m */ = {isa = PBXFileReference; fileEncoding = 4; lastKnownFileType = sourcecode.c.objc; path = Container.m; sourceTree = "<group>"; };
		B99F41021A23F35B009F25AE /* Game.h */ = {isa = PBXFileReference; fileEncoding = 4; lastKnownFileType = sourcecode.c.h; path = Game.h; sourceTree = "<group>"; };
		B99F41031A23F35B009F25AE /* Game.m */ = {isa = PBXFileReference; fileEncoding = 4; lastKnownFileType = sourcecode.c.objc; path = Game.m; sourceTree = "<group>"; };
/* End PBXFileReference section */

/* Begin PBXFrameworksBuildPhase section */
		B948D6F51A22A993002EB9D5 /* Frameworks */ = {
			isa = PBXFrameworksBuildPhase;
			buildActionMask = 2147483647;
			files = (
				22E600A01A63E9E4008CA89A /* AVFoundation.framework in Frameworks */,
			);
			runOnlyForDeploymentPostprocessing = 0;
		};
		B948D70E1A22A993002EB9D5 /* Frameworks */ = {
			isa = PBXFrameworksBuildPhase;
			buildActionMask = 2147483647;
			files = (
			);
			runOnlyForDeploymentPostprocessing = 0;
		};
/* End PBXFrameworksBuildPhase section */

/* Begin PBXGroup section */
		22490BE91A45C1C500D02D8A /* ViewController */ = {
			isa = PBXGroup;
			children = (
				22C171CF1A6447AF00C6EE7D /* ChildSettingsViewController.h */,
				22C171D01A6447AF00C6EE7D /* ChildSettingsViewController.m */,
				B948D7021A22A993002EB9D5 /* GameViewController.h */,
				B948D7031A22A993002EB9D5 /* GameViewController.m */,
				22490BEA1A45C21900D02D8A /* MainViewController.h */,
				22490BEB1A45C21900D02D8A /* MainViewController.m */,
				22821DFF1A5DB93D0068FF06 /* OptionsViewController.h */,
				22821E001A5DB93D0068FF06 /* OptionsViewController.m */,
				222747481A5FFFA20071E99C /* StatsViewController.h */,
				222747491A5FFFA20071E99C /* StatsViewController.m */,
			);
			name = ViewController;
			sourceTree = "<group>";
		};
		22490BED1A45E7A500D02D8A /* img */ = {
			isa = PBXGroup;
			children = (
				227E6E201A6574A8000BFC91 /* hand_open.png */,
				22C171CB1A643EF400C6EE7D /* settings.png */,
				22C171CC1A643EF400C6EE7D /* home.png */,
				22779ED91A617BB7001D9E66 /* app_background.png */,
				22779EDB1A617DA8001D9E66 /* button.png */,
				22779F0F1A61A144001D9E66 /* piranha */,
				22779EED1A619A92001D9E66 /* beans */,
				22779EF61A619A92001D9E66 /* worms */,
			);
			path = img;
			sourceTree = "<group>";
		};
		22490BEE1A45E7BD00D02D8A /* sound */ = {
			isa = PBXGroup;
			children = (
				22E600901A63E729008CA89A /* beans */,
				22E600921A63E729008CA89A /* button.mp3 */,
				2219B9A31A6410DF00978CDF /* touch.mp3 */,
				22E600931A63E729008CA89A /* menu.mp3 */,
				22E600941A63E729008CA89A /* pause.mp3 */,
				22E600951A63E729008CA89A /* piranha */,
				22E600971A63E729008CA89A /* worms */,
			);
			path = sound;
			sourceTree = "<group>";
		};
		22779EED1A619A92001D9E66 /* beans */ = {
			isa = PBXGroup;
			children = (
				22779EEE1A619A92001D9E66 /* beans_0.png */,
				22779EEF1A619A92001D9E66 /* beans_1.png */,
				22779EF01A619A92001D9E66 /* beans_2.png */,
				22779EF11A619A92001D9E66 /* beans_3.png */,
				22779EF21A619A92001D9E66 /* beans_4.png */,
				22779EF31A619A92001D9E66 /* beans_5.png */,
				22779EF41A619A92001D9E66 /* beans_6.png */,
				22779EF51A619A92001D9E66 /* beans_background.png */,
			);
			path = beans;
			sourceTree = "<group>";
		};
		22779EF61A619A92001D9E66 /* worms */ = {
			isa = PBXGroup;
			children = (
				22779EF71A619A92001D9E66 /* worms_0.png */,
				22779EF81A619A92001D9E66 /* worms_1.png */,
				22779EF91A619A92001D9E66 /* worms_2.png */,
				22779EFA1A619A92001D9E66 /* worms_3.png */,
				22779EFB1A619A92001D9E66 /* worms_4.png */,
				22779EFC1A619A92001D9E66 /* worms_5.png */,
				22779EFD1A619A92001D9E66 /* worms_6.png */,
				22779EFE1A619A92001D9E66 /* worms_background.png */,
			);
			path = worms;
			sourceTree = "<group>";
		};
		22779F0F1A61A144001D9E66 /* piranha */ = {
			isa = PBXGroup;
			children = (
				22779F101A61A144001D9E66 /* piranha_0.png */,
				22779F111A61A144001D9E66 /* piranha_1.png */,
				22779F121A61A144001D9E66 /* piranha_2.png */,
				22779F131A61A144001D9E66 /* piranha_3.png */,
				22779F141A61A144001D9E66 /* piranha_4.png */,
				22779F151A61A144001D9E66 /* piranha_5.png */,
				22779F161A61A144001D9E66 /* piranha_6.png */,
				22779F171A61A144001D9E66 /* piranha_background.png */,
			);
			path = piranha;
			sourceTree = "<group>";
		};
		22E600901A63E729008CA89A /* beans */ = {
			isa = PBXGroup;
			children = (
				22E600911A63E729008CA89A /* beans_background.mp3 */,
			);
			path = beans;
			sourceTree = "<group>";
		};
		22E600951A63E729008CA89A /* piranha */ = {
			isa = PBXGroup;
			children = (
				22E600961A63E729008CA89A /* piranha_background.mp3 */,
			);
			path = piranha;
			sourceTree = "<group>";
		};
		22E600971A63E729008CA89A /* worms */ = {
			isa = PBXGroup;
			children = (
				22E600981A63E729008CA89A /* worms_background.mp3 */,
			);
			path = worms;
			sourceTree = "<group>";
		};
		B948D6EF1A22A993002EB9D5 = {
			isa = PBXGroup;
			children = (
				22E6009F1A63E9E4008CA89A /* AVFoundation.framework */,
				22490BF11A45F07500D02D8A /* Settings.bundle */,
				B948D6FA1A22A993002EB9D5 /* iBeans */,
				B948D7141A22A993002EB9D5 /* iBeansTests */,
				B948D6F91A22A993002EB9D5 /* Products */,
			);
			sourceTree = "<group>";
		};
		B948D6F91A22A993002EB9D5 /* Products */ = {
			isa = PBXGroup;
			children = (
				B948D6F81A22A993002EB9D5 /* iBeans.app */,
				B948D7111A22A993002EB9D5 /* iBeansTests.xctest */,
			);
			name = Products;
			sourceTree = "<group>";
		};
		B948D6FA1A22A993002EB9D5 /* iBeans */ = {
			isa = PBXGroup;
			children = (
				22490BEE1A45E7BD00D02D8A /* sound */,
				22490BED1A45E7A500D02D8A /* img */,
				B948D72C1A22AC97002EB9D5 /* Model */,
				B948D6FF1A22A993002EB9D5 /* AppDelegate.h */,
				B948D7001A22A993002EB9D5 /* AppDelegate.m */,
				22490BE91A45C1C500D02D8A /* ViewController */,
				B948D7081A22A993002EB9D5 /* Images.xcassets */,
				22490BF31A46061D00D02D8A /* Main.storyboard */,
				B948D70A1A22A993002EB9D5 /* LaunchScreen.xib */,
				B948D6FB1A22A993002EB9D5 /* Supporting Files */,
			);
			path = iBeans;
			sourceTree = "<group>";
		};
		B948D6FB1A22A993002EB9D5 /* Supporting Files */ = {
			isa = PBXGroup;
			children = (
				B948D6FC1A22A993002EB9D5 /* Info.plist */,
				B948D6FD1A22A993002EB9D5 /* main.m */,
			);
			name = "Supporting Files";
			sourceTree = "<group>";
		};
		B948D7141A22A993002EB9D5 /* iBeansTests */ = {
			isa = PBXGroup;
			children = (
				B948D7171A22A993002EB9D5 /* iBeansTests.m */,
				B948D7151A22A993002EB9D5 /* Supporting Files */,
			);
			path = iBeansTests;
			sourceTree = "<group>";
		};
		B948D7151A22A993002EB9D5 /* Supporting Files */ = {
			isa = PBXGroup;
			children = (
				B948D7161A22A993002EB9D5 /* Info.plist */,
			);
			name = "Supporting Files";
			sourceTree = "<group>";
		};
		B948D72C1A22AC97002EB9D5 /* Model */ = {
			isa = PBXGroup;
			children = (
				B948D72D1A22AD4B002EB9D5 /* Container.h */,
				B948D72E1A22AD4B002EB9D5 /* Container.m */,
				B99F41021A23F35B009F25AE /* Game.h */,
				B99F41031A23F35B009F25AE /* Game.m */,
				B948D7291A22AC87002EB9D5 /* Player.h */,
				B948D72A1A22AC87002EB9D5 /* Player.m */,
			);
			name = Model;
			sourceTree = "<group>";
		};
/* End PBXGroup section */

/* Begin PBXNativeTarget section */
		B948D6F71A22A993002EB9D5 /* iBeans */ = {
			isa = PBXNativeTarget;
			buildConfigurationList = B948D71B1A22A993002EB9D5 /* Build configuration list for PBXNativeTarget "iBeans" */;
			buildPhases = (
				B948D6F41A22A993002EB9D5 /* Sources */,
				B948D6F51A22A993002EB9D5 /* Frameworks */,
				B948D6F61A22A993002EB9D5 /* Resources */,
			);
			buildRules = (
			);
			dependencies = (
			);
			name = iBeans;
			productName = iBeans;
			productReference = B948D6F81A22A993002EB9D5 /* iBeans.app */;
			productType = "com.apple.product-type.application";
		};
		B948D7101A22A993002EB9D5 /* iBeansTests */ = {
			isa = PBXNativeTarget;
			buildConfigurationList = B948D71E1A22A993002EB9D5 /* Build configuration list for PBXNativeTarget "iBeansTests" */;
			buildPhases = (
				B948D70D1A22A993002EB9D5 /* Sources */,
				B948D70E1A22A993002EB9D5 /* Frameworks */,
				B948D70F1A22A993002EB9D5 /* Resources */,
			);
			buildRules = (
			);
			dependencies = (
				B948D7131A22A993002EB9D5 /* PBXTargetDependency */,
			);
			name = iBeansTests;
			productName = iBeansTests;
			productReference = B948D7111A22A993002EB9D5 /* iBeansTests.xctest */;
			productType = "com.apple.product-type.bundle.unit-test";
		};
/* End PBXNativeTarget section */

/* Begin PBXProject section */
		B948D6F01A22A993002EB9D5 /* Project object */ = {
			isa = PBXProject;
			attributes = {
				LastUpgradeCheck = 0610;
				ORGANIZATIONNAME = Sam;
				TargetAttributes = {
					B948D6F71A22A993002EB9D5 = {
						CreatedOnToolsVersion = 6.1;
					};
					B948D7101A22A993002EB9D5 = {
						CreatedOnToolsVersion = 6.1;
						TestTargetID = B948D6F71A22A993002EB9D5;
					};
				};
			};
			buildConfigurationList = B948D6F31A22A993002EB9D5 /* Build configuration list for PBXProject "iBeans" */;
			compatibilityVersion = "Xcode 3.2";
			developmentRegion = English;
			hasScannedForEncodings = 0;
			knownRegions = (
				en,
				Base,
			);
			mainGroup = B948D6EF1A22A993002EB9D5;
			productRefGroup = B948D6F91A22A993002EB9D5 /* Products */;
			projectDirPath = "";
			projectRoot = "";
			targets = (
				B948D6F71A22A993002EB9D5 /* iBeans */,
				B948D7101A22A993002EB9D5 /* iBeansTests */,
			);
		};
/* End PBXProject section */

/* Begin PBXResourcesBuildPhase section */
		B948D6F61A22A993002EB9D5 /* Resources */ = {
			isa = PBXResourcesBuildPhase;
			buildActionMask = 2147483647;
			files = (
				22779F0B1A619A92001D9E66 /* worms_4.png in Resources */,
				22779F051A619A92001D9E66 /* beans_6.png in Resources */,
				22779F1A1A61A144001D9E66 /* piranha_2.png in Resources */,
				22779F1D1A61A144001D9E66 /* piranha_5.png in Resources */,
				22E6009A1A63E729008CA89A /* button.mp3 in Resources */,
				22779F0D1A619A92001D9E66 /* worms_6.png in Resources */,
				22C171CD1A643EF400C6EE7D /* settings.png in Resources */,
				22779F061A619A92001D9E66 /* beans_background.png in Resources */,
				22779F0A1A619A92001D9E66 /* worms_3.png in Resources */,
				22779F031A619A92001D9E66 /* beans_4.png in Resources */,
				22779EDA1A617BB7001D9E66 /* app_background.png in Resources */,
				22779F011A619A92001D9E66 /* beans_2.png in Resources */,
				22779F0E1A619A92001D9E66 /* worms_background.png in Resources */,
				22779EFF1A619A92001D9E66 /* beans_0.png in Resources */,
				22E6009E1A63E729008CA89A /* worms_background.mp3 in Resources */,
				22779F1E1A61A144001D9E66 /* piranha_6.png in Resources */,
				22E6009B1A63E729008CA89A /* menu.mp3 in Resources */,
				22779F181A61A144001D9E66 /* piranha_0.png in Resources */,
				22779F191A61A144001D9E66 /* piranha_1.png in Resources */,
				22779F081A619A92001D9E66 /* worms_1.png in Resources */,
				227E6E211A6574A8000BFC91 /* hand_open.png in Resources */,
				22779EE41A617DA8001D9E66 /* button.png in Resources */,
				22779F1B1A61A144001D9E66 /* piranha_3.png in Resources */,
				2219B9A41A6410DF00978CDF /* touch.mp3 in Resources */,
				22C171CE1A643EF400C6EE7D /* home.png in Resources */,
				22490BF21A45F07500D02D8A /* Settings.bundle in Resources */,
				22E6009C1A63E729008CA89A /* pause.mp3 in Resources */,
				22779F021A619A92001D9E66 /* beans_3.png in Resources */,
				22779F041A619A92001D9E66 /* beans_5.png in Resources */,
				B948D70C1A22A993002EB9D5 /* LaunchScreen.xib in Resources */,
				22E6009D1A63E729008CA89A /* piranha_background.mp3 in Resources */,
				22779F1C1A61A144001D9E66 /* piranha_4.png in Resources */,
				22E600991A63E729008CA89A /* beans_background.mp3 in Resources */,
				22779F0C1A619A92001D9E66 /* worms_5.png in Resources */,
				B948D7091A22A993002EB9D5 /* Images.xcassets in Resources */,
				22779F1F1A61A144001D9E66 /* piranha_background.png in Resources */,
				22490BF51A46061D00D02D8A /* Main.storyboard in Resources */,
				22779F001A619A92001D9E66 /* beans_1.png in Resources */,
				22779F091A619A92001D9E66 /* worms_2.png in Resources */,
				22779F071A619A92001D9E66 /* worms_0.png in Resources */,
			);
			runOnlyForDeploymentPostprocessing = 0;
		};
		B948D70F1A22A993002EB9D5 /* Resources */ = {
			isa = PBXResourcesBuildPhase;
			buildActionMask = 2147483647;
			files = (
			);
			runOnlyForDeploymentPostprocessing = 0;
		};
/* End PBXResourcesBuildPhase section */

/* Begin PBXSourcesBuildPhase section */
		B948D6F41A22A993002EB9D5 /* Sources */ = {
			isa = PBXSourcesBuildPhase;
			buildActionMask = 2147483647;
			files = (
				B948D72F1A22AD4B002EB9D5 /* Container.m in Sources */,
				B948D7041A22A993002EB9D5 /* GameViewController.m in Sources */,
				22C171D11A6447AF00C6EE7D /* ChildSettingsViewController.m in Sources */,
				B948D7011A22A993002EB9D5 /* AppDelegate.m in Sources */,
				B99F41041A23F35B009F25AE /* Game.m in Sources */,
				22490BEC1A45C21900D02D8A /* MainViewController.m in Sources */,
				22821E011A5DB93D0068FF06 /* OptionsViewController.m in Sources */,
				B948D6FE1A22A993002EB9D5 /* main.m in Sources */,
				B948D72B1A22AC87002EB9D5 /* Player.m in Sources */,
				2227474A1A5FFFA20071E99C /* StatsViewController.m in Sources */,
			);
			runOnlyForDeploymentPostprocessing = 0;
		};
		B948D70D1A22A993002EB9D5 /* Sources */ = {
			isa = PBXSourcesBuildPhase;
			buildActionMask = 2147483647;
			files = (
				B948D7181A22A993002EB9D5 /* iBeansTests.m in Sources */,
			);
			runOnlyForDeploymentPostprocessing = 0;
		};
/* End PBXSourcesBuildPhase section */

/* Begin PBXTargetDependency section */
		B948D7131A22A993002EB9D5 /* PBXTargetDependency */ = {
			isa = PBXTargetDependency;
			target = B948D6F71A22A993002EB9D5 /* iBeans */;
			targetProxy = B948D7121A22A993002EB9D5 /* PBXContainerItemProxy */;
		};
/* End PBXTargetDependency section */

/* Begin PBXVariantGroup section */
		22490BF31A46061D00D02D8A /* Main.storyboard */ = {
			isa = PBXVariantGroup;
			children = (
				22490BF41A46061D00D02D8A /* Base */,
			);
			name = Main.storyboard;
			sourceTree = "<group>";
		};
		B948D70A1A22A993002EB9D5 /* LaunchScreen.xib */ = {
			isa = PBXVariantGroup;
			children = (
				B948D70B1A22A993002EB9D5 /* Base */,
			);
			name = LaunchScreen.xib;
			sourceTree = "<group>";
		};
/* End PBXVariantGroup section */

/* Begin XCBuildConfiguration section */
		B948D7191A22A993002EB9D5 /* Debug */ = {
			isa = XCBuildConfiguration;
			buildSettings = {
				ALWAYS_SEARCH_USER_PATHS = NO;
				CLANG_CXX_LANGUAGE_STANDARD = "gnu++0x";
				CLANG_CXX_LIBRARY = "libc++";
				CLANG_ENABLE_MODULES = YES;
				CLANG_ENABLE_OBJC_ARC = YES;
				CLANG_WARN_BOOL_CONVERSION = YES;
				CLANG_WARN_CONSTANT_CONVERSION = YES;
				CLANG_WARN_DIRECT_OBJC_ISA_USAGE = YES_ERROR;
				CLANG_WARN_EMPTY_BODY = YES;
				CLANG_WARN_ENUM_CONVERSION = YES;
				CLANG_WARN_INT_CONVERSION = YES;
				CLANG_WARN_OBJC_ROOT_CLASS = YES_ERROR;
				CLANG_WARN_UNREACHABLE_CODE = YES;
				CLANG_WARN__DUPLICATE_METHOD_MATCH = YES;
				"CODE_SIGN_IDENTITY[sdk=iphoneos*]" = "iPhone Developer";
				COPY_PHASE_STRIP = NO;
				ENABLE_STRICT_OBJC_MSGSEND = YES;
				GCC_C_LANGUAGE_STANDARD = gnu99;
				GCC_DYNAMIC_NO_PIC = NO;
				GCC_OPTIMIZATION_LEVEL = 0;
				GCC_PREPROCESSOR_DEFINITIONS = (
					"DEBUG=1",
					"$(inherited)",
				);
				GCC_SYMBOLS_PRIVATE_EXTERN = NO;
				GCC_WARN_64_TO_32_BIT_CONVERSION = YES;
				GCC_WARN_ABOUT_RETURN_TYPE = YES_ERROR;
				GCC_WARN_UNDECLARED_SELECTOR = YES;
				GCC_WARN_UNINITIALIZED_AUTOS = YES_AGGRESSIVE;
				GCC_WARN_UNUSED_FUNCTION = YES;
				GCC_WARN_UNUSED_VARIABLE = YES;
				IPHONEOS_DEPLOYMENT_TARGET = 8.1;
				MTL_ENABLE_DEBUG_INFO = YES;
				ONLY_ACTIVE_ARCH = YES;
				SDKROOT = iphoneos;
				TARGETED_DEVICE_FAMILY = "1,2";
			};
			name = Debug;
		};
		B948D71A1A22A993002EB9D5 /* Release */ = {
			isa = XCBuildConfiguration;
			buildSettings = {
				ALWAYS_SEARCH_USER_PATHS = NO;
				CLANG_CXX_LANGUAGE_STANDARD = "gnu++0x";
				CLANG_CXX_LIBRARY = "libc++";
				CLANG_ENABLE_MODULES = YES;
				CLANG_ENABLE_OBJC_ARC = YES;
				CLANG_WARN_BOOL_CONVERSION = YES;
				CLANG_WARN_CONSTANT_CONVERSION = YES;
				CLANG_WARN_DIRECT_OBJC_ISA_USAGE = YES_ERROR;
				CLANG_WARN_EMPTY_BODY = YES;
				CLANG_WARN_ENUM_CONVERSION = YES;
				CLANG_WARN_INT_CONVERSION = YES;
				CLANG_WARN_OBJC_ROOT_CLASS = YES_ERROR;
				CLANG_WARN_UNREACHABLE_CODE = YES;
				CLANG_WARN__DUPLICATE_METHOD_MATCH = YES;
				"CODE_SIGN_IDENTITY[sdk=iphoneos*]" = "iPhone Developer";
				COPY_PHASE_STRIP = YES;
				ENABLE_NS_ASSERTIONS = NO;
				ENABLE_STRICT_OBJC_MSGSEND = YES;
				GCC_C_LANGUAGE_STANDARD = gnu99;
				GCC_WARN_64_TO_32_BIT_CONVERSION = YES;
				GCC_WARN_ABOUT_RETURN_TYPE = YES_ERROR;
				GCC_WARN_UNDECLARED_SELECTOR = YES;
				GCC_WARN_UNINITIALIZED_AUTOS = YES_AGGRESSIVE;
				GCC_WARN_UNUSED_FUNCTION = YES;
				GCC_WARN_UNUSED_VARIABLE = YES;
				IPHONEOS_DEPLOYMENT_TARGET = 8.1;
				MTL_ENABLE_DEBUG_INFO = NO;
				SDKROOT = iphoneos;
				TARGETED_DEVICE_FAMILY = "1,2";
				VALIDATE_PRODUCT = YES;
			};
			name = Release;
		};
		B948D71C1A22A993002EB9D5 /* Debug */ = {
			isa = XCBuildConfiguration;
			buildSettings = {
				ASSETCATALOG_COMPILER_APPICON_NAME = AppIcon;
				CODE_SIGN_IDENTITY = "iPhone Developer";
				INFOPLIST_FILE = iBeans/Info.plist;
				LD_RUNPATH_SEARCH_PATHS = "$(inherited) @executable_path/Frameworks";
				PRODUCT_NAME = "$(TARGET_NAME)";
			};
			name = Debug;
		};
		B948D71D1A22A993002EB9D5 /* Release */ = {
			isa = XCBuildConfiguration;
			buildSettings = {
				ASSETCATALOG_COMPILER_APPICON_NAME = AppIcon;
				CODE_SIGN_IDENTITY = "iPhone Developer";
				INFOPLIST_FILE = iBeans/Info.plist;
				LD_RUNPATH_SEARCH_PATHS = "$(inherited) @executable_path/Frameworks";
				PRODUCT_NAME = "$(TARGET_NAME)";
			};
			name = Release;
		};
		B948D71F1A22A993002EB9D5 /* Debug */ = {
			isa = XCBuildConfiguration;
			buildSettings = {
				BUNDLE_LOADER = "$(TEST_HOST)";
				FRAMEWORK_SEARCH_PATHS = (
					"$(SDKROOT)/Developer/Library/Frameworks",
					"$(inherited)",
				);
				GCC_PREPROCESSOR_DEFINITIONS = (
					"DEBUG=1",
					"$(inherited)",
				);
				INFOPLIST_FILE = iBeansTests/Info.plist;
				LD_RUNPATH_SEARCH_PATHS = "$(inherited) @executable_path/Frameworks @loader_path/Frameworks";
				PRODUCT_NAME = "$(TARGET_NAME)";
				TEST_HOST = "$(BUILT_PRODUCTS_DIR)/iBeans.app/iBeans";
			};
			name = Debug;
		};
		B948D7201A22A993002EB9D5 /* Release */ = {
			isa = XCBuildConfiguration;
			buildSettings = {
				BUNDLE_LOADER = "$(TEST_HOST)";
				FRAMEWORK_SEARCH_PATHS = (
					"$(SDKROOT)/Developer/Library/Frameworks",
					"$(inherited)",
				);
				INFOPLIST_FILE = iBeansTests/Info.plist;
				LD_RUNPATH_SEARCH_PATHS = "$(inherited) @executable_path/Frameworks @loader_path/Frameworks";
				PRODUCT_NAME = "$(TARGET_NAME)";
				TEST_HOST = "$(BUILT_PRODUCTS_DIR)/iBeans.app/iBeans";
			};
			name = Release;
		};
/* End XCBuildConfiguration section */

/* Begin XCConfigurationList section */
		B948D6F31A22A993002EB9D5 /* Build configuration list for PBXProject "iBeans" */ = {
			isa = XCConfigurationList;
			buildConfigurations = (
				B948D7191A22A993002EB9D5 /* Debug */,
				B948D71A1A22A993002EB9D5 /* Release */,
			);
			defaultConfigurationIsVisible = 0;
			defaultConfigurationName = Release;
		};
		B948D71B1A22A993002EB9D5 /* Build configuration list for PBXNativeTarget "iBeans" */ = {
			isa = XCConfigurationList;
			buildConfigurations = (
				B948D71C1A22A993002EB9D5 /* Debug */,
				B948D71D1A22A993002EB9D5 /* Release */,
			);
			defaultConfigurationIsVisible = 0;
			defaultConfigurationName = Release;
		};
		B948D71E1A22A993002EB9D5 /* Build configuration list for PBXNativeTarget "iBeansTests" */ = {
			isa = XCConfigurationList;
			buildConfigurations = (
				B948D71F1A22A993002EB9D5 /* Debug */,
				B948D7201A22A993002EB9D5 /* Release */,
			);
			defaultConfigurationIsVisible = 0;
			defaultConfigurationName = Release;
		};
/* End XCConfigurationList section */
	};
	rootObject = B948D6F01A22A993002EB9D5 /* Project object */;
}
